
Microsoft Visual Studio Solution File, Format Version 12.00
# Visual Studio Version 16
VisualStudioVersion = 16.0.29102.190
MinimumVisualStudioVersion = 10.0.40219.1
Project("{FAE04EC0-301F-11D3-BF4B-00C04F79EFBC}") = "CestaDeFrutas", "CestaDeFrutas\CestaDeFrutas.csproj", "{BC2106DA-B00C-4B1D-9976-AFA5E129C56C}"
EndProject
Global
	GlobalSection(SolutionConfigurationPlatforms) = preSolution
		Debug|Any CPU = Debug|Any CPU
		Release|Any CPU = Release|Any CPU
	EndGlobalSection
	GlobalSection(ProjectConfigurationPlatforms) = postSolution
		{BC2106DA-B00C-4B1D-9976-AFA5E129C56C}.Debug|Any CPU.ActiveCfg = Debug|Any CPU
		{BC2106DA-B00C-4B1D-9976-AFA5E129C56C}.Debug|Any CPU.Build.0 = Debug|Any CPU
		{BC2106DA-B00C-4B1D-9976-AFA5E129C56C}.Release|Any CPU.ActiveCfg = Release|Any CPU
		{BC2106DA-B00C-4B1D-9976-AFA5E129C56C}.Release|Any CPU.Build.0 = Release|Any CPU
	EndGlobalSection
	GlobalSection(SolutionProperties) = preSolution
		HideSolutionNode = FALSE
	EndGlobalSection
	GlobalSection(ExtensibilityGlobals) = postSolution
		SolutionGuid = {BD456549-5283-443C-94DA-8EF929DADD25}
	EndGlobalSection
EndGlobal
