
Microsoft Visual Studio Solution File, Format Version 12.00
# Visual Studio Version 16
VisualStudioVersion = 16.0.29209.62
MinimumVisualStudioVersion = 10.0.40219.1
Project("{FAE04EC0-301F-11D3-BF4B-00C04F79EFBC}") = "SystemaDeAmigoFixo", "SystemaDeAmigoFixo\SystemaDeAmigoFixo.csproj", "{CDB59E11-B369-4646-A254-82DD2692B95B}"
EndProject
Project("{FAE04EC0-301F-11D3-BF4B-00C04F79EFBC}") = "SystemaDeCadastroDePessoas", "SystemaDeCadastroDePessoas\SystemaDeCadastroDePessoas.csproj", "{021B84CB-3F60-4FEB-8325-568F078DFDA0}"
EndProject
Project("{FAE04EC0-301F-11D3-BF4B-00C04F79EFBC}") = "SystemaDeCarros", "SystemaDeCarros\SystemaDeCarros.csproj", "{929AF7D2-35FF-4D4D-8B9A-633B6141C4E5}"
EndProject
Global
	GlobalSection(SolutionConfigurationPlatforms) = preSolution
		Debug|Any CPU = Debug|Any CPU
		Release|Any CPU = Release|Any CPU
	EndGlobalSection
	GlobalSection(ProjectConfigurationPlatforms) = postSolution
		{CDB59E11-B369-4646-A254-82DD2692B95B}.Debug|Any CPU.ActiveCfg = Debug|Any CPU
		{CDB59E11-B369-4646-A254-82DD2692B95B}.Debug|Any CPU.Build.0 = Debug|Any CPU
		{CDB59E11-B369-4646-A254-82DD2692B95B}.Release|Any CPU.ActiveCfg = Release|Any CPU
		{CDB59E11-B369-4646-A254-82DD2692B95B}.Release|Any CPU.Build.0 = Release|Any CPU
		{021B84CB-3F60-4FEB-8325-568F078DFDA0}.Debug|Any CPU.ActiveCfg = Debug|Any CPU
		{021B84CB-3F60-4FEB-8325-568F078DFDA0}.Debug|Any CPU.Build.0 = Debug|Any CPU
		{021B84CB-3F60-4FEB-8325-568F078DFDA0}.Release|Any CPU.ActiveCfg = Release|Any CPU
		{021B84CB-3F60-4FEB-8325-568F078DFDA0}.Release|Any CPU.Build.0 = Release|Any CPU
		{929AF7D2-35FF-4D4D-8B9A-633B6141C4E5}.Debug|Any CPU.ActiveCfg = Debug|Any CPU
		{929AF7D2-35FF-4D4D-8B9A-633B6141C4E5}.Debug|Any CPU.Build.0 = Debug|Any CPU
		{929AF7D2-35FF-4D4D-8B9A-633B6141C4E5}.Release|Any CPU.ActiveCfg = Release|Any CPU
		{929AF7D2-35FF-4D4D-8B9A-633B6141C4E5}.Release|Any CPU.Build.0 = Release|Any CPU
	EndGlobalSection
	GlobalSection(SolutionProperties) = preSolution
		HideSolutionNode = FALSE
	EndGlobalSection
	GlobalSection(ExtensibilityGlobals) = postSolution
		SolutionGuid = {14047F0F-A61B-4FB6-93B5-B6B3E8506730}
	EndGlobalSection
EndGlobal
