
Microsoft Visual Studio Solution File, Format Version 12.00
# Visual Studio Version 16
VisualStudioVersion = 16.0.29102.190
MinimumVisualStudioVersion = 10.0.40219.1
Project("{FAE04EC0-301F-11D3-BF4B-00C04F79EFBC}") = "ListarCarroDoAmigo", "ListarCarroDoAmigo\ListarCarroDoAmigo.csproj", "{EFDF07C6-2F5C-40AE-9DDE-871E5D1CA27A}"
EndProject
Global
	GlobalSection(SolutionConfigurationPlatforms) = preSolution
		Debug|Any CPU = Debug|Any CPU
		Release|Any CPU = Release|Any CPU
	EndGlobalSection
	GlobalSection(ProjectConfigurationPlatforms) = postSolution
		{EFDF07C6-2F5C-40AE-9DDE-871E5D1CA27A}.Debug|Any CPU.ActiveCfg = Debug|Any CPU
		{EFDF07C6-2F5C-40AE-9DDE-871E5D1CA27A}.Debug|Any CPU.Build.0 = Debug|Any CPU
		{EFDF07C6-2F5C-40AE-9DDE-871E5D1CA27A}.Release|Any CPU.ActiveCfg = Release|Any CPU
		{EFDF07C6-2F5C-40AE-9DDE-871E5D1CA27A}.Release|Any CPU.Build.0 = Release|Any CPU
	EndGlobalSection
	GlobalSection(SolutionProperties) = preSolution
		HideSolutionNode = FALSE
	EndGlobalSection
	GlobalSection(ExtensibilityGlobals) = postSolution
		SolutionGuid = {D0D566E7-F0B6-48B0-A894-D5B41A0C0226}
	EndGlobalSection
EndGlobal
