
Microsoft Visual Studio Solution File, Format Version 12.00
# Visual Studio Version 16
VisualStudioVersion = 16.0.29306.81
MinimumVisualStudioVersion = 10.0.40219.1
Project("{FAE04EC0-301F-11D3-BF4B-00C04F79EFBC}") = "fazendoPassos", "fazendoPassos\fazendoPassos.csproj", "{AE4A8B0A-56FE-48D9-AC32-71ED401BB81E}"
EndProject
Global
	GlobalSection(SolutionConfigurationPlatforms) = preSolution
		Debug|Any CPU = Debug|Any CPU
		Release|Any CPU = Release|Any CPU
	EndGlobalSection
	GlobalSection(ProjectConfigurationPlatforms) = postSolution
		{AE4A8B0A-56FE-48D9-AC32-71ED401BB81E}.Debug|Any CPU.ActiveCfg = Debug|Any CPU
		{AE4A8B0A-56FE-48D9-AC32-71ED401BB81E}.Debug|Any CPU.Build.0 = Debug|Any CPU
		{AE4A8B0A-56FE-48D9-AC32-71ED401BB81E}.Release|Any CPU.ActiveCfg = Release|Any CPU
		{AE4A8B0A-56FE-48D9-AC32-71ED401BB81E}.Release|Any CPU.Build.0 = Release|Any CPU
	EndGlobalSection
	GlobalSection(SolutionProperties) = preSolution
		HideSolutionNode = FALSE
	EndGlobalSection
	GlobalSection(ExtensibilityGlobals) = postSolution
		SolutionGuid = {EE6FB6F9-F203-425D-B159-0054F1A5BF75}
	EndGlobalSection
EndGlobal
