
Microsoft Visual Studio Solution File, Format Version 12.00
# Visual Studio Version 16
VisualStudioVersion = 16.0.29102.190
MinimumVisualStudioVersion = 10.0.40219.1
Project("{FAE04EC0-301F-11D3-BF4B-00C04F79EFBC}") = "AlunosEntit", "AlunosEntit\AlunosEntit.csproj", "{652B11F0-4B51-48CB-AA4B-7C7D394C88B5}"
EndProject
Project("{FAE04EC0-301F-11D3-BF4B-00C04F79EFBC}") = "Interface", "Interface\Interface.csproj", "{23C66AE2-813D-4BC9-B77B-F6DE5B1C4C73}"
EndProject
Global
	GlobalSection(SolutionConfigurationPlatforms) = preSolution
		Debug|Any CPU = Debug|Any CPU
		Release|Any CPU = Release|Any CPU
	EndGlobalSection
	GlobalSection(ProjectConfigurationPlatforms) = postSolution
		{652B11F0-4B51-48CB-AA4B-7C7D394C88B5}.Debug|Any CPU.ActiveCfg = Debug|Any CPU
		{652B11F0-4B51-48CB-AA4B-7C7D394C88B5}.Debug|Any CPU.Build.0 = Debug|Any CPU
		{652B11F0-4B51-48CB-AA4B-7C7D394C88B5}.Release|Any CPU.ActiveCfg = Release|Any CPU
		{652B11F0-4B51-48CB-AA4B-7C7D394C88B5}.Release|Any CPU.Build.0 = Release|Any CPU
		{23C66AE2-813D-4BC9-B77B-F6DE5B1C4C73}.Debug|Any CPU.ActiveCfg = Debug|Any CPU
		{23C66AE2-813D-4BC9-B77B-F6DE5B1C4C73}.Debug|Any CPU.Build.0 = Debug|Any CPU
		{23C66AE2-813D-4BC9-B77B-F6DE5B1C4C73}.Release|Any CPU.ActiveCfg = Release|Any CPU
		{23C66AE2-813D-4BC9-B77B-F6DE5B1C4C73}.Release|Any CPU.Build.0 = Release|Any CPU
	EndGlobalSection
	GlobalSection(SolutionProperties) = preSolution
		HideSolutionNode = FALSE
	EndGlobalSection
	GlobalSection(ExtensibilityGlobals) = postSolution
		SolutionGuid = {131A7373-21BC-4D68-9FCF-B5EB35E4B0DC}
	EndGlobalSection
EndGlobal
