
Microsoft Visual Studio Solution File, Format Version 12.00
# Visual Studio Version 16
VisualStudioVersion = 16.0.29209.62
MinimumVisualStudioVersion = 10.0.40219.1
Project("{FAE04EC0-301F-11D3-BF4B-00C04F79EFBC}") = "CompactarTexto", "CompactarTexto\CompactarTexto.csproj", "{F4656047-1454-4554-85EB-EC7A0AC97623}"
EndProject
Global
	GlobalSection(SolutionConfigurationPlatforms) = preSolution
		Debug|Any CPU = Debug|Any CPU
		Release|Any CPU = Release|Any CPU
	EndGlobalSection
	GlobalSection(ProjectConfigurationPlatforms) = postSolution
		{F4656047-1454-4554-85EB-EC7A0AC97623}.Debug|Any CPU.ActiveCfg = Debug|Any CPU
		{F4656047-1454-4554-85EB-EC7A0AC97623}.Debug|Any CPU.Build.0 = Debug|Any CPU
		{F4656047-1454-4554-85EB-EC7A0AC97623}.Release|Any CPU.ActiveCfg = Release|Any CPU
		{F4656047-1454-4554-85EB-EC7A0AC97623}.Release|Any CPU.Build.0 = Release|Any CPU
	EndGlobalSection
	GlobalSection(SolutionProperties) = preSolution
		HideSolutionNode = FALSE
	EndGlobalSection
	GlobalSection(ExtensibilityGlobals) = postSolution
		SolutionGuid = {AB09D926-EA39-4CE0-AB7C-267DD744BFB3}
	EndGlobalSection
EndGlobal
