
Microsoft Visual Studio Solution File, Format Version 12.00
# Visual Studio Version 16
VisualStudioVersion = 16.0.29102.190
MinimumVisualStudioVersion = 10.0.40219.1
Project("{FAE04EC0-301F-11D3-BF4B-00C04F79EFBC}") = "DoBancoAoEntity", "DoBancoAoEntity\DoBancoAoEntity.csproj", "{FA0E9965-98F6-4223-89F3-6FEC5573FF8B}"
EndProject
Global
	GlobalSection(SolutionConfigurationPlatforms) = preSolution
		Debug|Any CPU = Debug|Any CPU
		Release|Any CPU = Release|Any CPU
	EndGlobalSection
	GlobalSection(ProjectConfigurationPlatforms) = postSolution
		{FA0E9965-98F6-4223-89F3-6FEC5573FF8B}.Debug|Any CPU.ActiveCfg = Debug|Any CPU
		{FA0E9965-98F6-4223-89F3-6FEC5573FF8B}.Debug|Any CPU.Build.0 = Debug|Any CPU
		{FA0E9965-98F6-4223-89F3-6FEC5573FF8B}.Release|Any CPU.ActiveCfg = Release|Any CPU
		{FA0E9965-98F6-4223-89F3-6FEC5573FF8B}.Release|Any CPU.Build.0 = Release|Any CPU
	EndGlobalSection
	GlobalSection(SolutionProperties) = preSolution
		HideSolutionNode = FALSE
	EndGlobalSection
	GlobalSection(ExtensibilityGlobals) = postSolution
		SolutionGuid = {835739AC-9D8D-44B8-8275-B97B7F215F2D}
	EndGlobalSection
EndGlobal
