
Microsoft Visual Studio Solution File, Format Version 12.00
# Visual Studio Version 16
VisualStudioVersion = 16.0.29306.81
MinimumVisualStudioVersion = 10.0.40219.1
Project("{FAE04EC0-301F-11D3-BF4B-00C04F79EFBC}") = "SiteCalculoIMC", "SiteCalculoIMC\SiteCalculoIMC.csproj", "{1640DF91-E62C-4D9F-82DA-5F264E2D1E85}"
EndProject
Global
	GlobalSection(SolutionConfigurationPlatforms) = preSolution
		Debug|Any CPU = Debug|Any CPU
		Release|Any CPU = Release|Any CPU
	EndGlobalSection
	GlobalSection(ProjectConfigurationPlatforms) = postSolution
		{1640DF91-E62C-4D9F-82DA-5F264E2D1E85}.Debug|Any CPU.ActiveCfg = Debug|Any CPU
		{1640DF91-E62C-4D9F-82DA-5F264E2D1E85}.Debug|Any CPU.Build.0 = Debug|Any CPU
		{1640DF91-E62C-4D9F-82DA-5F264E2D1E85}.Release|Any CPU.ActiveCfg = Release|Any CPU
		{1640DF91-E62C-4D9F-82DA-5F264E2D1E85}.Release|Any CPU.Build.0 = Release|Any CPU
	EndGlobalSection
	GlobalSection(SolutionProperties) = preSolution
		HideSolutionNode = FALSE
	EndGlobalSection
	GlobalSection(ExtensibilityGlobals) = postSolution
		SolutionGuid = {3B626BE1-CE8F-43A5-9B02-74CFE6D69448}
	EndGlobalSection
EndGlobal
