
Microsoft Visual Studio Solution File, Format Version 12.00
# Visual Studio Version 16
VisualStudioVersion = 16.0.29102.190
MinimumVisualStudioVersion = 10.0.40219.1
Project("{FAE04EC0-301F-11D3-BF4B-00C04F79EFBC}") = "AcessandoInformacao", "AcessandoInformacao\AcessandoInformacao.csproj", "{7ED01884-BCA4-47E6-B5EC-3B423EBB59C1}"
EndProject
Project("{FAE04EC0-301F-11D3-BF4B-00C04F79EFBC}") = "MinhaBibLioteca", "CalulosDeArea\MinhaBibLioteca.csproj", "{1E1C8563-F2C6-42C9-8334-E0CE03773093}"
EndProject
Project("{FAE04EC0-301F-11D3-BF4B-00C04F79EFBC}") = "AcessandoDllDoAmiguinho", "AcessandoDllDoAmiguinho\AcessandoDllDoAmiguinho.csproj", "{3D028FB4-6491-49C2-A4D9-8AAD00A9CD39}"
EndProject
Global
	GlobalSection(SolutionConfigurationPlatforms) = preSolution
		Debug|Any CPU = Debug|Any CPU
		Release|Any CPU = Release|Any CPU
	EndGlobalSection
	GlobalSection(ProjectConfigurationPlatforms) = postSolution
		{7ED01884-BCA4-47E6-B5EC-3B423EBB59C1}.Debug|Any CPU.ActiveCfg = Debug|Any CPU
		{7ED01884-BCA4-47E6-B5EC-3B423EBB59C1}.Debug|Any CPU.Build.0 = Debug|Any CPU
		{7ED01884-BCA4-47E6-B5EC-3B423EBB59C1}.Release|Any CPU.ActiveCfg = Release|Any CPU
		{7ED01884-BCA4-47E6-B5EC-3B423EBB59C1}.Release|Any CPU.Build.0 = Release|Any CPU
		{1E1C8563-F2C6-42C9-8334-E0CE03773093}.Debug|Any CPU.ActiveCfg = Debug|Any CPU
		{1E1C8563-F2C6-42C9-8334-E0CE03773093}.Debug|Any CPU.Build.0 = Debug|Any CPU
		{1E1C8563-F2C6-42C9-8334-E0CE03773093}.Release|Any CPU.ActiveCfg = Release|Any CPU
		{1E1C8563-F2C6-42C9-8334-E0CE03773093}.Release|Any CPU.Build.0 = Release|Any CPU
		{3D028FB4-6491-49C2-A4D9-8AAD00A9CD39}.Debug|Any CPU.ActiveCfg = Debug|Any CPU
		{3D028FB4-6491-49C2-A4D9-8AAD00A9CD39}.Debug|Any CPU.Build.0 = Debug|Any CPU
		{3D028FB4-6491-49C2-A4D9-8AAD00A9CD39}.Release|Any CPU.ActiveCfg = Release|Any CPU
		{3D028FB4-6491-49C2-A4D9-8AAD00A9CD39}.Release|Any CPU.Build.0 = Release|Any CPU
	EndGlobalSection
	GlobalSection(SolutionProperties) = preSolution
		HideSolutionNode = FALSE
	EndGlobalSection
	GlobalSection(ExtensibilityGlobals) = postSolution
		SolutionGuid = {2E716F9D-0AB0-45B3-B9FD-4BF2B9F344BD}
	EndGlobalSection
EndGlobal
