
Microsoft Visual Studio Solution File, Format Version 12.00
# Visual Studio Version 16
VisualStudioVersion = 16.0.29102.190
MinimumVisualStudioVersion = 10.0.40219.1
Project("{FAE04EC0-301F-11D3-BF4B-00C04F79EFBC}") = "ListagemDeCervejas", "ListagemDeCervejas\ListagemDeCervejas.csproj", "{CAF725D6-3651-458C-93D2-C196BB092637}"
EndProject
Project("{FAE04EC0-301F-11D3-BF4B-00C04F79EFBC}") = "Tela", "Tela\Tela.csproj", "{55E3983A-A01C-4B7F-8AF9-A5DAC7F2106D}"
EndProject
Global
	GlobalSection(SolutionConfigurationPlatforms) = preSolution
		Debug|Any CPU = Debug|Any CPU
		Release|Any CPU = Release|Any CPU
	EndGlobalSection
	GlobalSection(ProjectConfigurationPlatforms) = postSolution
		{CAF725D6-3651-458C-93D2-C196BB092637}.Debug|Any CPU.ActiveCfg = Debug|Any CPU
		{CAF725D6-3651-458C-93D2-C196BB092637}.Debug|Any CPU.Build.0 = Debug|Any CPU
		{CAF725D6-3651-458C-93D2-C196BB092637}.Release|Any CPU.ActiveCfg = Release|Any CPU
		{CAF725D6-3651-458C-93D2-C196BB092637}.Release|Any CPU.Build.0 = Release|Any CPU
		{55E3983A-A01C-4B7F-8AF9-A5DAC7F2106D}.Debug|Any CPU.ActiveCfg = Debug|Any CPU
		{55E3983A-A01C-4B7F-8AF9-A5DAC7F2106D}.Debug|Any CPU.Build.0 = Debug|Any CPU
		{55E3983A-A01C-4B7F-8AF9-A5DAC7F2106D}.Release|Any CPU.ActiveCfg = Release|Any CPU
		{55E3983A-A01C-4B7F-8AF9-A5DAC7F2106D}.Release|Any CPU.Build.0 = Release|Any CPU
	EndGlobalSection
	GlobalSection(SolutionProperties) = preSolution
		HideSolutionNode = FALSE
	EndGlobalSection
	GlobalSection(ExtensibilityGlobals) = postSolution
		SolutionGuid = {A579D093-DDB7-4E08-8D8A-C865831DE478}
	EndGlobalSection
EndGlobal
