
Microsoft Visual Studio Solution File, Format Version 12.00
# Visual Studio Version 16
VisualStudioVersion = 16.0.29306.81
MinimumVisualStudioVersion = 10.0.40219.1
Project("{FAE04EC0-301F-11D3-BF4B-00C04F79EFBC}") = "CorreiosWebApi", "CorreiosWebApi\CorreiosWebApi.csproj", "{F20DFA36-52D0-42C5-BEF8-D5AC8BACA2F3}"
EndProject
Global
	GlobalSection(SolutionConfigurationPlatforms) = preSolution
		Debug|Any CPU = Debug|Any CPU
		Release|Any CPU = Release|Any CPU
	EndGlobalSection
	GlobalSection(ProjectConfigurationPlatforms) = postSolution
		{F20DFA36-52D0-42C5-BEF8-D5AC8BACA2F3}.Debug|Any CPU.ActiveCfg = Debug|Any CPU
		{F20DFA36-52D0-42C5-BEF8-D5AC8BACA2F3}.Debug|Any CPU.Build.0 = Debug|Any CPU
		{F20DFA36-52D0-42C5-BEF8-D5AC8BACA2F3}.Release|Any CPU.ActiveCfg = Release|Any CPU
		{F20DFA36-52D0-42C5-BEF8-D5AC8BACA2F3}.Release|Any CPU.Build.0 = Release|Any CPU
	EndGlobalSection
	GlobalSection(SolutionProperties) = preSolution
		HideSolutionNode = FALSE
	EndGlobalSection
	GlobalSection(ExtensibilityGlobals) = postSolution
		SolutionGuid = {DD4B7612-B507-4A93-B308-49C362A8F409}
	EndGlobalSection
EndGlobal
