
Microsoft Visual Studio Solution File, Format Version 12.00
# Visual Studio Version 16
VisualStudioVersion = 16.0.29306.81
MinimumVisualStudioVersion = 10.0.40219.1
Project("{FAE04EC0-301F-11D3-BF4B-00C04F79EFBC}") = "ApiWebImoveis", "ApiWebImoveis\ApiWebImoveis.csproj", "{7D8C981C-CF55-4753-BF00-B69D96D1B1D2}"
EndProject
Global
	GlobalSection(SolutionConfigurationPlatforms) = preSolution
		Debug|Any CPU = Debug|Any CPU
		Release|Any CPU = Release|Any CPU
	EndGlobalSection
	GlobalSection(ProjectConfigurationPlatforms) = postSolution
		{7D8C981C-CF55-4753-BF00-B69D96D1B1D2}.Debug|Any CPU.ActiveCfg = Debug|Any CPU
		{7D8C981C-CF55-4753-BF00-B69D96D1B1D2}.Debug|Any CPU.Build.0 = Debug|Any CPU
		{7D8C981C-CF55-4753-BF00-B69D96D1B1D2}.Release|Any CPU.ActiveCfg = Release|Any CPU
		{7D8C981C-CF55-4753-BF00-B69D96D1B1D2}.Release|Any CPU.Build.0 = Release|Any CPU
	EndGlobalSection
	GlobalSection(SolutionProperties) = preSolution
		HideSolutionNode = FALSE
	EndGlobalSection
	GlobalSection(ExtensibilityGlobals) = postSolution
		SolutionGuid = {94FB9522-4C3D-4401-9FF8-D7A2637E8BFC}
	EndGlobalSection
EndGlobal
