
Microsoft Visual Studio Solution File, Format Version 12.00
# Visual Studio Version 16
VisualStudioVersion = 16.0.29209.62
MinimumVisualStudioVersion = 10.0.40219.1
Project("{FAE04EC0-301F-11D3-BF4B-00C04F79EFBC}") = "Verificar tamanho do nome", "Verificar tamanho do nome\Verificar tamanho do nome.csproj", "{CCEABE2B-3F55-4BE5-90CE-C7FF70247022}"
EndProject
Global
	GlobalSection(SolutionConfigurationPlatforms) = preSolution
		Debug|Any CPU = Debug|Any CPU
		Release|Any CPU = Release|Any CPU
	EndGlobalSection
	GlobalSection(ProjectConfigurationPlatforms) = postSolution
		{CCEABE2B-3F55-4BE5-90CE-C7FF70247022}.Debug|Any CPU.ActiveCfg = Debug|Any CPU
		{CCEABE2B-3F55-4BE5-90CE-C7FF70247022}.Debug|Any CPU.Build.0 = Debug|Any CPU
		{CCEABE2B-3F55-4BE5-90CE-C7FF70247022}.Release|Any CPU.ActiveCfg = Release|Any CPU
		{CCEABE2B-3F55-4BE5-90CE-C7FF70247022}.Release|Any CPU.Build.0 = Release|Any CPU
	EndGlobalSection
	GlobalSection(SolutionProperties) = preSolution
		HideSolutionNode = FALSE
	EndGlobalSection
	GlobalSection(ExtensibilityGlobals) = postSolution
		SolutionGuid = {5436C0A3-135D-4C48-AE78-A3776A563FA8}
	EndGlobalSection
EndGlobal
